// !$*UTF8*$!
{
	archiveVersion = 1;
	classes = {
	};
	objectVersion = 46;
	objects = {

/* Begin PBXBuildFile section */
		5FF0D79E211B518300207B9F /* AppDelegate.swift in Sources */ = {isa = PBXBuildFile; fileRef = 5FF0D79D211B518300207B9F /* AppDelegate.swift */; };
		5FF0D7A0211B518300207B9F /* ViewController.swift in Sources */ = {isa = PBXBuildFile; fileRef = 5FF0D79F211B518300207B9F /* ViewController.swift */; };
		5FF0D7A3211B518400207B9F /* Main.storyboard in Resources */ = {isa = PBXBuildFile; fileRef = 5FF0D7A1211B518400207B9F /* Main.storyboard */; };
		5FF0D7A5211B518400207B9F /* Assets.xcassets in Resources */ = {isa = PBXBuildFile; fileRef = 5FF0D7A4211B518400207B9F /* Assets.xcassets */; };
		5FF0D7A8211B518400207B9F /* LaunchScreen.storyboard in Resources */ = {isa = PBXBuildFile; fileRef = 5FF0D7A6211B518400207B9F /* LaunchScreen.storyboard */; };
		5FF0D7B0211B51E900207B9F /* Event.swift in Sources */ = {isa = PBXBuildFile; fileRef = 5FF0D7AF211B51E900207B9F /* Event.swift */; };
		5FF0D7B2211B520200207B9F /* EventLibrary.swift in Sources */ = {isa = PBXBuildFile; fileRef = 5FF0D7B1211B520200207B9F /* EventLibrary.swift */; };
/* End PBXBuildFile section */

/* Begin PBXFileReference section */
		5FF0D79A211B518300207B9F /* 'BoutTimeApp.app */ = {isa = PBXFileReference; explicitFileType = wrapper.application; includeInIndex = 0; path = "'BoutTimeApp.app"; sourceTree = BUILT_PRODUCTS_DIR; };
		5FF0D79D211B518300207B9F /* AppDelegate.swift */ = {isa = PBXFileReference; lastKnownFileType = sourcecode.swift; path = AppDelegate.swift; sourceTree = "<group>"; };
		5FF0D79F211B518300207B9F /* ViewController.swift */ = {isa = PBXFileReference; lastKnownFileType = sourcecode.swift; path = ViewController.swift; sourceTree = "<group>"; };
		5FF0D7A2211B518400207B9F /* Base */ = {isa = PBXFileReference; lastKnownFileType = file.storyboard; name = Base; path = Base.lproj/Main.storyboard; sourceTree = "<group>"; };
		5FF0D7A4211B518400207B9F /* Assets.xcassets */ = {isa = PBXFileReference; lastKnownFileType = folder.assetcatalog; path = Assets.xcassets; sourceTree = "<group>"; };
		5FF0D7A7211B518400207B9F /* Base */ = {isa = PBXFileReference; lastKnownFileType = file.storyboard; name = Base; path = Base.lproj/LaunchScreen.storyboard; sourceTree = "<group>"; };
		5FF0D7A9211B518400207B9F /* Info.plist */ = {isa = PBXFileReference; lastKnownFileType = text.plist.xml; path = Info.plist; sourceTree = "<group>"; };
		5FF0D7AF211B51E900207B9F /* Event.swift */ = {isa = PBXFileReference; fileEncoding = 4; lastKnownFileType = sourcecode.swift; name = Event.swift; path = ../Event.swift; sourceTree = "<group>"; };
		5FF0D7B1211B520200207B9F /* EventLibrary.swift */ = {isa = PBXFileReference; fileEncoding = 4; lastKnownFileType = sourcecode.swift; name = EventLibrary.swift; path = ../EventLibrary.swift; sourceTree = "<group>"; };
/* End PBXFileReference section */

/* Begin PBXFrameworksBuildPhase section */
		5FF0D797211B518300207B9F /* Frameworks */ = {
			isa = PBXFrameworksBuildPhase;
			buildActionMask = 2147483647;
			files = (
			);
			runOnlyForDeploymentPostprocessing = 0;
		};
/* End PBXFrameworksBuildPhase section */

/* Begin PBXGroup section */
		5FF0D791211B518200207B9F = {
			isa = PBXGroup;
			children = (
				5FF0D79C211B518300207B9F /* 'BoutTimeApp */,
				5FF0D79B211B518300207B9F /* Products */,
			);
			sourceTree = "<group>";
		};
		5FF0D79B211B518300207B9F /* Products */ = {
			isa = PBXGroup;
			children = (
				5FF0D79A211B518300207B9F /* 'BoutTimeApp.app */,
			);
			name = Products;
			sourceTree = "<group>";
		};
		5FF0D79C211B518300207B9F /* 'BoutTimeApp */ = {
			isa = PBXGroup;
			children = (
				5FF0D7AF211B51E900207B9F /* Event.swift */,
				5FF0D7B1211B520200207B9F /* EventLibrary.swift */,
				5FF0D79D211B518300207B9F /* AppDelegate.swift */,
				5FF0D79F211B518300207B9F /* ViewController.swift */,
				5FF0D7A1211B518400207B9F /* Main.storyboard */,
				5FF0D7A4211B518400207B9F /* Assets.xcassets */,
				5FF0D7A6211B518400207B9F /* LaunchScreen.storyboard */,
				5FF0D7A9211B518400207B9F /* Info.plist */,
			);
			path = "'BoutTimeApp";
			sourceTree = "<group>";
		};
/* End PBXGroup section */

/* Begin PBXNativeTarget section */
		5FF0D799211B518300207B9F /* 'BoutTimeApp */ = {
			isa = PBXNativeTarget;
			buildConfigurationList = 5FF0D7AC211B518400207B9F /* Build configuration list for PBXNativeTarget "'BoutTimeApp" */;
			buildPhases = (
				5FF0D796211B518300207B9F /* Sources */,
				5FF0D797211B518300207B9F /* Frameworks */,
				5FF0D798211B518300207B9F /* Resources */,
			);
			buildRules = (
			);
			dependencies = (
			);
			name = "'BoutTimeApp";
			productName = "'BoutTimeApp";
			productReference = 5FF0D79A211B518300207B9F /* 'BoutTimeApp.app */;
			productType = "com.apple.product-type.application";
		};
/* End PBXNativeTarget section */

/* Begin PBXProject section */
		5FF0D792211B518300207B9F /* Project object */ = {
			isa = PBXProject;
			attributes = {
				LastSwiftUpdateCheck = 0820;
				LastUpgradeCheck = 0820;
				ORGANIZATIONNAME = "Treehouse Island";
				TargetAttributes = {
					5FF0D799211B518300207B9F = {
						CreatedOnToolsVersion = 8.2.1;
						ProvisioningStyle = Automatic;
					};
				};
			};
			buildConfigurationList = 5FF0D795211B518300207B9F /* Build configuration list for PBXProject "'BoutTimeApp" */;
			compatibilityVersion = "Xcode 3.2";
			developmentRegion = English;
			hasScannedForEncodings = 0;
			knownRegions = (
				en,
				Base,
			);
			mainGroup = 5FF0D791211B518200207B9F;
			productRefGroup = 5FF0D79B211B518300207B9F /* Products */;
			projectDirPath = "";
			projectRoot = "";
			targets = (
				5FF0D799211B518300207B9F /* 'BoutTimeApp */,
			);
		};
/* End PBXProject section */

/* Begin PBXResourcesBuildPhase section */
		5FF0D798211B518300207B9F /* Resources */ = {
			isa = PBXResourcesBuildPhase;
			buildActionMask = 2147483647;
			files = (
				5FF0D7A8211B518400207B9F /* LaunchScreen.storyboard in Resources */,
				5FF0D7A5211B518400207B9F /* Assets.xcassets in Resources */,
				5FF0D7A3211B518400207B9F /* Main.storyboard in Resources */,
			);
			runOnlyForDeploymentPostprocessing = 0;
		};
/* End PBXResourcesBuildPhase section */

/* Begin PBXSourcesBuildPhase section */
		5FF0D796211B518300207B9F /* Sources */ = {
			isa = PBXSourcesBuildPhase;
			buildActionMask = 2147483647;
			files = (
				5FF0D7B2211B520200207B9F /* EventLibrary.swift in Sources */,
				5FF0D7A0211B518300207B9F /* ViewController.swift in Sources */,
				5FF0D7B0211B51E900207B9F /* Event.swift in Sources */,
				5FF0D79E211B518300207B9F /* AppDelegate.swift in Sources */,
			);
			runOnlyForDeploymentPostprocessing = 0;
		};
/* End PBXSourcesBuildPhase section */

/* Begin PBXVariantGroup section */
		5FF0D7A1211B518400207B9F /* Main.storyboard */ = {
			isa = PBXVariantGroup;
			children = (
				5FF0D7A2211B518400207B9F /* Base */,
			);
			name = Main.storyboard;
			sourceTree = "<group>";
		};
		5FF0D7A6211B518400207B9F /* LaunchScreen.storyboard */ = {
			isa = PBXVariantGroup;
			children = (
				5FF0D7A7211B518400207B9F /* Base */,
			);
			name = LaunchScreen.storyboard;
			sourceTree = "<group>";
		};
/* End PBXVariantGroup section */

/* Begin XCBuildConfiguration section */
		5FF0D7AA211B518400207B9F /* Debug */ = {
			isa = XCBuildConfiguration;
			buildSettings = {
				ALWAYS_SEARCH_USER_PATHS = NO;
				CLANG_ANALYZER_NONNULL = YES;
				CLANG_CXX_LANGUAGE_STANDARD = "gnu++0x";
				CLANG_CXX_LIBRARY = "libc++";
				CLANG_ENABLE_MODULES = YES;
				CLANG_ENABLE_OBJC_ARC = YES;
				CLANG_WARN_BOOL_CONVERSION = YES;
				CLANG_WARN_CONSTANT_CONVERSION = YES;
				CLANG_WARN_DIRECT_OBJC_ISA_USAGE = YES_ERROR;
				CLANG_WARN_DOCUMENTATION_COMMENTS = YES;
				CLANG_WARN_EMPTY_BODY = YES;
				CLANG_WARN_ENUM_CONVERSION = YES;
				CLANG_WARN_INFINITE_RECURSION = YES;
				CLANG_WARN_INT_CONVERSION = YES;
				CLANG_WARN_OBJC_ROOT_CLASS = YES_ERROR;
				CLANG_WARN_SUSPICIOUS_MOVE = YES;
				CLANG_WARN_UNREACHABLE_CODE = YES;
				CLANG_WARN__DUPLICATE_METHOD_MATCH = YES;
				"CODE_SIGN_IDENTITY[sdk=iphoneos*]" = "iPhone Developer";
				COPY_PHASE_STRIP = NO;
				DEBUG_INFORMATION_FORMAT = dwarf;
				ENABLE_STRICT_OBJC_MSGSEND = YES;
				ENABLE_TESTABILITY = YES;
				GCC_C_LANGUAGE_STANDARD = gnu99;
				GCC_DYNAMIC_NO_PIC = NO;
				GCC_NO_COMMON_BLOCKS = YES;
				GCC_OPTIMIZATION_LEVEL = 0;
				GCC_PREPROCESSOR_DEFINITIONS = (
					"DEBUG=1",
					"$(inherited)",
				);
				GCC_WARN_64_TO_32_BIT_CONVERSION = YES;
				GCC_WARN_ABOUT_RETURN_TYPE = YES_ERROR;
				GCC_WARN_UNDECLARED_SELECTOR = YES;
				GCC_WARN_UNINITIALIZED_AUTOS = YES_AGGRESSIVE;
				GCC_WARN_UNUSED_FUNCTION = YES;
				GCC_WARN_UNUSED_VARIABLE = YES;
				IPHONEOS_DEPLOYMENT_TARGET = 10.2;
				MTL_ENABLE_DEBUG_INFO = YES;
				ONLY_ACTIVE_ARCH = YES;
				SDKROOT = iphoneos;
				SWIFT_ACTIVE_COMPILATION_CONDITIONS = DEBUG;
				SWIFT_OPTIMIZATION_LEVEL = "-Onone";
			};
			name = Debug;
		};
		5FF0D7AB211B518400207B9F /* Release */ = {
			isa = XCBuildConfiguration;
			buildSettings = {
				ALWAYS_SEARCH_USER_PATHS = NO;
				CLANG_ANALYZER_NONNULL = YES;
				CLANG_CXX_LANGUAGE_STANDARD = "gnu++0x";
				CLANG_CXX_LIBRARY = "libc++";
				CLANG_ENABLE_MODULES = YES;
				CLANG_ENABLE_OBJC_ARC = YES;
				CLANG_WARN_BOOL_CONVERSION = YES;
				CLANG_WARN_CONSTANT_CONVERSION = YES;
				CLANG_WARN_DIRECT_OBJC_ISA_USAGE = YES_ERROR;
				CLANG_WARN_DOCUMENTATION_COMMENTS = YES;
				CLANG_WARN_EMPTY_BODY = YES;
				CLANG_WARN_ENUM_CONVERSION = YES;
				CLANG_WARN_INFINITE_RECURSION = YES;
				CLANG_WARN_INT_CONVERSION = YES;
				CLANG_WARN_OBJC_ROOT_CLASS = YES_ERROR;
				CLANG_WARN_SUSPICIOUS_MOVE = YES;
				CLANG_WARN_UNREACHABLE_CODE = YES;
				CLANG_WARN__DUPLICATE_METHOD_MATCH = YES;
				"CODE_SIGN_IDENTITY[sdk=iphoneos*]" = "iPhone Developer";
				COPY_PHASE_STRIP = NO;
				DEBUG_INFORMATION_FORMAT = "dwarf-with-dsym";
				ENABLE_NS_ASSERTIONS = NO;
				ENABLE_STRICT_OBJC_MSGSEND = YES;
				GCC_C_LANGUAGE_STANDARD = gnu99;
				GCC_NO_COMMON_BLOCKS = YES;
				GCC_WARN_64_TO_32_BIT_CONVERSION = YES;
				GCC_WARN_ABOUT_RETURN_TYPE = YES_ERROR;
				GCC_WARN_UNDECLARED_SELECTOR = YES;
				GCC_WARN_UNINITIALIZED_AUTOS = YES_AGGRESSIVE;
				GCC_WARN_UNUSED_FUNCTION = YES;
				GCC_WARN_UNUSED_VARIABLE = YES;
				IPHONEOS_DEPLOYMENT_TARGET = 10.2;
				MTL_ENABLE_DEBUG_INFO = NO;
				SDKROOT = iphoneos;
				SWIFT_OPTIMIZATION_LEVEL = "-Owholemodule";
				VALIDATE_PRODUCT = YES;
			};
			name = Release;
		};
		5FF0D7AD211B518400207B9F /* Debug */ = {
			isa = XCBuildConfiguration;
			buildSettings = {
				ASSETCATALOG_COMPILER_APPICON_NAME = AppIcon;
				INFOPLIST_FILE = "'BoutTimeApp/Info.plist";
				LD_RUNPATH_SEARCH_PATHS = "$(inherited) @executable_path/Frameworks";
				PRODUCT_BUNDLE_IDENTIFIER = "com.teamtreehouse.-BoutTimeApp";
				PRODUCT_NAME = "$(TARGET_NAME)";
				SWIFT_VERSION = 3.0;
			};
			name = Debug;
		};
		5FF0D7AE211B518400207B9F /* Release */ = {
			isa = XCBuildConfiguration;
			buildSettings = {
				ASSETCATALOG_COMPILER_APPICON_NAME = AppIcon;
				INFOPLIST_FILE = "'BoutTimeApp/Info.plist";
				LD_RUNPATH_SEARCH_PATHS = "$(inherited) @executable_path/Frameworks";
				PRODUCT_BUNDLE_IDENTIFIER = "com.teamtreehouse.-BoutTimeApp";
				PRODUCT_NAME = "$(TARGET_NAME)";
				SWIFT_VERSION = 3.0;
			};
			name = Release;
		};
/* End XCBuildConfiguration section */

/* Begin XCConfigurationList section */
		5FF0D795211B518300207B9F /* Build configuration list for PBXProject "'BoutTimeApp" */ = {
			isa = XCConfigurationList;
			buildConfigurations = (
				5FF0D7AA211B518400207B9F /* Debug */,
				5FF0D7AB211B518400207B9F /* Release */,
			);
			defaultConfigurationIsVisible = 0;
			defaultConfigurationName = Release;
		};
		5FF0D7AC211B518400207B9F /* Build configuration list for PBXNativeTarget "'BoutTimeApp" */ = {
			isa = XCConfigurationList;
			buildConfigurations = (
				5FF0D7AD211B518400207B9F /* Debug */,
				5FF0D7AE211B518400207B9F /* Release */,
			);
			defaultConfigurationIsVisible = 0;
			defaultConfigurationName = Release;
		};
/* End XCConfigurationList section */
	};
	rootObject = 5FF0D792211B518300207B9F /* Project object */;
}
